
Microsoft Visual Studio Solution File, Format Version 12.00
# Visual Studio Version 17
VisualStudioVersion = 17.11.35222.181
MinimumVisualStudioVersion = 10.0.40219.1
Project("{9A19103F-16F7-4668-BE54-9A1E7A4F7556}") = "AutomotiveProducts", "AutomotiveProducts\AutomotiveProducts.csproj", "{737F834F-2A49-40B4-A48D-8C9A77EF0C9F}"
EndProject
Project("{9A19103F-16F7-4668-BE54-9A1E7A4F7556}") = "ApiConsumer", "ApiConsumer\ApiConsumer.csproj", "{2E2299EC-EE00-4943-9164-92644C978166}"
EndProject
Project("{9A19103F-16F7-4668-BE54-9A1E7A4F7556}") = "Products.Shared", "Products.Shared\Products.Shared.csproj", "{A9BAB684-97C4-401D-8A01-54C6B91CD59E}"
EndProject
Project("{9A19103F-16F7-4668-BE54-9A1E7A4F7556}") = "IAutomotiveProductsApi", "IAutomotiveProductsApi\IAutomotiveProductsApi.csproj", "{2E879132-61FD-4A0A-BA5B-7BC3B022A297}"
EndProject
Global
	GlobalSection(SolutionConfigurationPlatforms) = preSolution
		Debug|Any CPU = Debug|Any CPU
		Release|Any CPU = Release|Any CPU
	EndGlobalSection
	GlobalSection(ProjectConfigurationPlatforms) = postSolution
		{737F834F-2A49-40B4-A48D-8C9A77EF0C9F}.Debug|Any CPU.ActiveCfg = Debug|Any CPU
		{737F834F-2A49-40B4-A48D-8C9A77EF0C9F}.Debug|Any CPU.Build.0 = Debug|Any CPU
		{737F834F-2A49-40B4-A48D-8C9A77EF0C9F}.Release|Any CPU.ActiveCfg = Release|Any CPU
		{737F834F-2A49-40B4-A48D-8C9A77EF0C9F}.Release|Any CPU.Build.0 = Release|Any CPU
		{2E2299EC-EE00-4943-9164-92644C978166}.Debug|Any CPU.ActiveCfg = Debug|Any CPU
		{2E2299EC-EE00-4943-9164-92644C978166}.Debug|Any CPU.Build.0 = Debug|Any CPU
		{2E2299EC-EE00-4943-9164-92644C978166}.Release|Any CPU.ActiveCfg = Release|Any CPU
		{2E2299EC-EE00-4943-9164-92644C978166}.Release|Any CPU.Build.0 = Release|Any CPU
		{A9BAB684-97C4-401D-8A01-54C6B91CD59E}.Debug|Any CPU.ActiveCfg = Debug|Any CPU
		{A9BAB684-97C4-401D-8A01-54C6B91CD59E}.Debug|Any CPU.Build.0 = Debug|Any CPU
		{A9BAB684-97C4-401D-8A01-54C6B91CD59E}.Release|Any CPU.ActiveCfg = Release|Any CPU
		{A9BAB684-97C4-401D-8A01-54C6B91CD59E}.Release|Any CPU.Build.0 = Release|Any CPU
		{2E879132-61FD-4A0A-BA5B-7BC3B022A297}.Debug|Any CPU.ActiveCfg = Debug|Any CPU
		{2E879132-61FD-4A0A-BA5B-7BC3B022A297}.Debug|Any CPU.Build.0 = Debug|Any CPU
		{2E879132-61FD-4A0A-BA5B-7BC3B022A297}.Release|Any CPU.ActiveCfg = Release|Any CPU
		{2E879132-61FD-4A0A-BA5B-7BC3B022A297}.Release|Any CPU.Build.0 = Release|Any CPU
	EndGlobalSection
	GlobalSection(SolutionProperties) = preSolution
		HideSolutionNode = FALSE
	EndGlobalSection
	GlobalSection(ExtensibilityGlobals) = postSolution
		SolutionGuid = {C94D7877-C13D-4526-A535-A56E17A0F1A7}
	EndGlobalSection
EndGlobal
